// !$*UTF8*$!
{
	archiveVersion = 1;
	classes = {
	};
	objectVersion = 56;
	objects = {

/* Begin PBXBuildFile section */
		37129C712A3DF1A3003022A6 /* TextField.swift in Sources */ = {isa = PBXBuildFile; fileRef = 37129C702A3DF1A3003022A6 /* TextField.swift */; };
		3713FF8929E6E93700287D77 /* Tab Bar Controller.swift in Sources */ = {isa = PBXBuildFile; fileRef = 3713FF8829E6E93700287D77 /* Tab Bar Controller.swift */; };
		376C4D7029ED964B00B87CA3 /* NewHabbitCells.swift in Sources */ = {isa = PBXBuildFile; fileRef = 376C4D6F29ED964B00B87CA3 /* NewHabbitCells.swift */; };
		37775A7529E980CA00507D37 /* TrackersViewCell.swift in Sources */ = {isa = PBXBuildFile; fileRef = 37775A7429E980CA00507D37 /* TrackersViewCell.swift */; };
		37775A7929E9CDEA00507D37 /* TrackerCreatorViewController.swift in Sources */ = {isa = PBXBuildFile; fileRef = 37775A7829E9CDEA00507D37 /* TrackerCreatorViewController.swift */; };
		37775A7B29E9F1F800507D37 /* NewHabbitViewController.swift in Sources */ = {isa = PBXBuildFile; fileRef = 37775A7A29E9F1F800507D37 /* NewHabbitViewController.swift */; };
		37A6F8872A100AAD00C8F41D /* ScheduleViewController.swift in Sources */ = {isa = PBXBuildFile; fileRef = 37A6F8862A100AAD00C8F41D /* ScheduleViewController.swift */; };
		37A6F8892A100ABD00C8F41D /* CategoriesViewController.swift in Sources */ = {isa = PBXBuildFile; fileRef = 37A6F8882A100ABD00C8F41D /* CategoriesViewController.swift */; };
		37A6F88B2A100AFF00C8F41D /* ScheduleCell.swift in Sources */ = {isa = PBXBuildFile; fileRef = 37A6F88A2A100AFF00C8F41D /* ScheduleCell.swift */; };
		37A6F88E2A100B4F00C8F41D /* NewCategoryViewController.swift in Sources */ = {isa = PBXBuildFile; fileRef = 37A6F88D2A100B4F00C8F41D /* NewCategoryViewController.swift */; };
		37A6F8912A100D2200C8F41D /* EmojiCell.swift in Sources */ = {isa = PBXBuildFile; fileRef = 37A6F8902A100D2200C8F41D /* EmojiCell.swift */; };
		37A6F8942A100D8700C8F41D /* ColorCell.swift in Sources */ = {isa = PBXBuildFile; fileRef = 37A6F8932A100D8700C8F41D /* ColorCell.swift */; };
		37A6F8972A100DE000C8F41D /* SupplementaryView.swift in Sources */ = {isa = PBXBuildFile; fileRef = 37A6F8962A100DE000C8F41D /* SupplementaryView.swift */; };
		37A6F89A2A100E0A00C8F41D /* Emojis.swift in Sources */ = {isa = PBXBuildFile; fileRef = 37A6F8992A100E0A00C8F41D /* Emojis.swift */; };
		37A6F89C2A100E1400C8F41D /* Colors.swift in Sources */ = {isa = PBXBuildFile; fileRef = 37A6F89B2A100E1400C8F41D /* Colors.swift */; };
		37B4C77F2A2331DC001BFFF8 /* CategoryCell.swift in Sources */ = {isa = PBXBuildFile; fileRef = 37B4C77E2A2331DC001BFFF8 /* CategoryCell.swift */; };
		37EC3AA02A135A7100681250 /* Tracker.swift in Sources */ = {isa = PBXBuildFile; fileRef = 37EC3A9F2A135A7100681250 /* Tracker.swift */; };
		37EC3AA22A135BF900681250 /* Weekday.swift in Sources */ = {isa = PBXBuildFile; fileRef = 37EC3AA12A135BF900681250 /* Weekday.swift */; };
		37EC3AA42A135C6700681250 /* TrackerCategory.swift in Sources */ = {isa = PBXBuildFile; fileRef = 37EC3AA32A135C6700681250 /* TrackerCategory.swift */; };
		37EC3AA62A135E1F00681250 /* TrackerRecord.swift in Sources */ = {isa = PBXBuildFile; fileRef = 37EC3AA52A135E1F00681250 /* TrackerRecord.swift */; };
		37EDC4842A3F559B009581BD /* TrackerSupplementaryView.swift in Sources */ = {isa = PBXBuildFile; fileRef = 37EDC4832A3F559B009581BD /* TrackerSupplementaryView.swift */; };
		37F22BCF29E77EAB00C547BE /* StatisticViewController.swift in Sources */ = {isa = PBXBuildFile; fileRef = 37F22BCE29E77EAB00C547BE /* StatisticViewController.swift */; };
		37F59B7329DB082000341B05 /* AppDelegate.swift in Sources */ = {isa = PBXBuildFile; fileRef = 37F59B7229DB082000341B05 /* AppDelegate.swift */; };
		37F59B7529DB082000341B05 /* SceneDelegate.swift in Sources */ = {isa = PBXBuildFile; fileRef = 37F59B7429DB082000341B05 /* SceneDelegate.swift */; };
		37F59B7729DB082000341B05 /* TrackersViewController.swift in Sources */ = {isa = PBXBuildFile; fileRef = 37F59B7629DB082000341B05 /* TrackersViewController.swift */; };
		37F59B7A29DB082000341B05 /* Main.storyboard in Resources */ = {isa = PBXBuildFile; fileRef = 37F59B7829DB082000341B05 /* Main.storyboard */; };
		37F59B7D29DB082000341B05 /* Tracker.xcdatamodeld in Sources */ = {isa = PBXBuildFile; fileRef = 37F59B7B29DB082000341B05 /* Tracker.xcdatamodeld */; };
		37F59B7F29DB082200341B05 /* Assets.xcassets in Resources */ = {isa = PBXBuildFile; fileRef = 37F59B7E29DB082200341B05 /* Assets.xcassets */; };
		37F59B8229DB082200341B05 /* LaunchScreen.storyboard in Resources */ = {isa = PBXBuildFile; fileRef = 37F59B8029DB082200341B05 /* LaunchScreen.storyboard */; };
/* End PBXBuildFile section */

/* Begin PBXFileReference section */
		37129C702A3DF1A3003022A6 /* TextField.swift */ = {isa = PBXFileReference; lastKnownFileType = sourcecode.swift; path = TextField.swift; sourceTree = "<group>"; };
		3713FF8829E6E93700287D77 /* Tab Bar Controller.swift */ = {isa = PBXFileReference; lastKnownFileType = sourcecode.swift; path = "Tab Bar Controller.swift"; sourceTree = "<group>"; };
		376C4D6F29ED964B00B87CA3 /* NewHabbitCells.swift */ = {isa = PBXFileReference; lastKnownFileType = sourcecode.swift; path = NewHabbitCells.swift; sourceTree = "<group>"; };
		37775A7429E980CA00507D37 /* TrackersViewCell.swift */ = {isa = PBXFileReference; lastKnownFileType = sourcecode.swift; path = TrackersViewCell.swift; sourceTree = "<group>"; };
		37775A7829E9CDEA00507D37 /* TrackerCreatorViewController.swift */ = {isa = PBXFileReference; lastKnownFileType = sourcecode.swift; path = TrackerCreatorViewController.swift; sourceTree = "<group>"; };
		37775A7A29E9F1F800507D37 /* NewHabbitViewController.swift */ = {isa = PBXFileReference; lastKnownFileType = sourcecode.swift; path = NewHabbitViewController.swift; sourceTree = "<group>"; };
		37A6F8862A100AAD00C8F41D /* ScheduleViewController.swift */ = {isa = PBXFileReference; lastKnownFileType = sourcecode.swift; path = ScheduleViewController.swift; sourceTree = "<group>"; };
		37A6F8882A100ABD00C8F41D /* CategoriesViewController.swift */ = {isa = PBXFileReference; lastKnownFileType = sourcecode.swift; path = CategoriesViewController.swift; sourceTree = "<group>"; };
		37A6F88A2A100AFF00C8F41D /* ScheduleCell.swift */ = {isa = PBXFileReference; lastKnownFileType = sourcecode.swift; path = ScheduleCell.swift; sourceTree = "<group>"; };
		37A6F88D2A100B4F00C8F41D /* NewCategoryViewController.swift */ = {isa = PBXFileReference; lastKnownFileType = sourcecode.swift; path = NewCategoryViewController.swift; sourceTree = "<group>"; };
		37A6F8902A100D2200C8F41D /* EmojiCell.swift */ = {isa = PBXFileReference; lastKnownFileType = sourcecode.swift; path = EmojiCell.swift; sourceTree = "<group>"; };
		37A6F8932A100D8700C8F41D /* ColorCell.swift */ = {isa = PBXFileReference; lastKnownFileType = sourcecode.swift; path = ColorCell.swift; sourceTree = "<group>"; };
		37A6F8962A100DE000C8F41D /* SupplementaryView.swift */ = {isa = PBXFileReference; lastKnownFileType = sourcecode.swift; path = SupplementaryView.swift; sourceTree = "<group>"; };
		37A6F8992A100E0A00C8F41D /* Emojis.swift */ = {isa = PBXFileReference; lastKnownFileType = sourcecode.swift; path = Emojis.swift; sourceTree = "<group>"; };
		37A6F89B2A100E1400C8F41D /* Colors.swift */ = {isa = PBXFileReference; lastKnownFileType = sourcecode.swift; path = Colors.swift; sourceTree = "<group>"; };
		37B4C77E2A2331DC001BFFF8 /* CategoryCell.swift */ = {isa = PBXFileReference; lastKnownFileType = sourcecode.swift; path = CategoryCell.swift; sourceTree = "<group>"; };
		37EC3A9F2A135A7100681250 /* Tracker.swift */ = {isa = PBXFileReference; lastKnownFileType = sourcecode.swift; path = Tracker.swift; sourceTree = "<group>"; };
		37EC3AA12A135BF900681250 /* Weekday.swift */ = {isa = PBXFileReference; lastKnownFileType = sourcecode.swift; path = Weekday.swift; sourceTree = "<group>"; };
		37EC3AA32A135C6700681250 /* TrackerCategory.swift */ = {isa = PBXFileReference; lastKnownFileType = sourcecode.swift; path = TrackerCategory.swift; sourceTree = "<group>"; };
		37EC3AA52A135E1F00681250 /* TrackerRecord.swift */ = {isa = PBXFileReference; lastKnownFileType = sourcecode.swift; path = TrackerRecord.swift; sourceTree = "<group>"; };
		37EDC4832A3F559B009581BD /* TrackerSupplementaryView.swift */ = {isa = PBXFileReference; lastKnownFileType = sourcecode.swift; path = TrackerSupplementaryView.swift; sourceTree = "<group>"; };
		37F22BCE29E77EAB00C547BE /* StatisticViewController.swift */ = {isa = PBXFileReference; lastKnownFileType = sourcecode.swift; path = StatisticViewController.swift; sourceTree = "<group>"; };
		37F59B6F29DB082000341B05 /* Tracker.app */ = {isa = PBXFileReference; explicitFileType = wrapper.application; includeInIndex = 0; path = Tracker.app; sourceTree = BUILT_PRODUCTS_DIR; };
		37F59B7229DB082000341B05 /* AppDelegate.swift */ = {isa = PBXFileReference; lastKnownFileType = sourcecode.swift; path = AppDelegate.swift; sourceTree = "<group>"; };
		37F59B7429DB082000341B05 /* SceneDelegate.swift */ = {isa = PBXFileReference; lastKnownFileType = sourcecode.swift; path = SceneDelegate.swift; sourceTree = "<group>"; };
		37F59B7629DB082000341B05 /* TrackersViewController.swift */ = {isa = PBXFileReference; lastKnownFileType = sourcecode.swift; path = TrackersViewController.swift; sourceTree = "<group>"; };
		37F59B7929DB082000341B05 /* Base */ = {isa = PBXFileReference; lastKnownFileType = file.storyboard; name = Base; path = Base.lproj/Main.storyboard; sourceTree = "<group>"; };
		37F59B7C29DB082000341B05 /* Tracker.xcdatamodel */ = {isa = PBXFileReference; lastKnownFileType = wrapper.xcdatamodel; path = Tracker.xcdatamodel; sourceTree = "<group>"; };
		37F59B7E29DB082200341B05 /* Assets.xcassets */ = {isa = PBXFileReference; lastKnownFileType = folder.assetcatalog; path = Assets.xcassets; sourceTree = "<group>"; };
		37F59B8129DB082200341B05 /* Base */ = {isa = PBXFileReference; lastKnownFileType = file.storyboard; name = Base; path = Base.lproj/LaunchScreen.storyboard; sourceTree = "<group>"; };
		37F59B8329DB082200341B05 /* Info.plist */ = {isa = PBXFileReference; lastKnownFileType = text.plist.xml; path = Info.plist; sourceTree = "<group>"; };
/* End PBXFileReference section */

/* Begin PBXFrameworksBuildPhase section */
		37F59B6C29DB082000341B05 /* Frameworks */ = {
			isa = PBXFrameworksBuildPhase;
			buildActionMask = 2147483647;
			files = (
			);
			runOnlyForDeploymentPostprocessing = 0;
		};
/* End PBXFrameworksBuildPhase section */

/* Begin PBXGroup section */
		37129C6F2A3DF18D003022A6 /* Extensions */ = {
			isa = PBXGroup;
			children = (
				37129C702A3DF1A3003022A6 /* TextField.swift */,
			);
			name = Extensions;
			sourceTree = "<group>";
		};
		376C4D6E29ED960000B87CA3 /* NewHabbit */ = {
			isa = PBXGroup;
			children = (
				37A6F8952A100DBE00C8F41D /* SupplementaryView */,
				37A6F8982A100E0000C8F41D /* Models */,
				37B202B22A1FE3DA00358E87 /* CollectionViewCells */,
				37A6F8842A100A7F00C8F41D /* CategoriesViewController */,
				37A6F88C2A100B3B00C8F41D /* NewCategoryViewController */,
				37A6F8852A100A9400C8F41D /* ScheduleVIewController */,
				37775A7A29E9F1F800507D37 /* NewHabbitViewController.swift */,
				376C4D6F29ED964B00B87CA3 /* NewHabbitCells.swift */,
			);
			path = NewHabbit;
			sourceTree = "<group>";
		};
		37A6F8842A100A7F00C8F41D /* CategoriesViewController */ = {
			isa = PBXGroup;
			children = (
				37A6F8882A100ABD00C8F41D /* CategoriesViewController.swift */,
			);
			path = CategoriesViewController;
			sourceTree = "<group>";
		};
		37A6F8852A100A9400C8F41D /* ScheduleVIewController */ = {
			isa = PBXGroup;
			children = (
				37A6F8862A100AAD00C8F41D /* ScheduleViewController.swift */,
				37A6F88A2A100AFF00C8F41D /* ScheduleCell.swift */,
				37EC3AA12A135BF900681250 /* Weekday.swift */,
			);
			path = ScheduleVIewController;
			sourceTree = "<group>";
		};
		37A6F88C2A100B3B00C8F41D /* NewCategoryViewController */ = {
			isa = PBXGroup;
			children = (
				37B4C77D2A2331BA001BFFF8 /* CategoriesCell */,
				37A6F88D2A100B4F00C8F41D /* NewCategoryViewController.swift */,
			);
			path = NewCategoryViewController;
			sourceTree = "<group>";
		};
		37A6F88F2A100D0900C8F41D /* EmojiCell */ = {
			isa = PBXGroup;
			children = (
				37A6F8902A100D2200C8F41D /* EmojiCell.swift */,
			);
			path = EmojiCell;
			sourceTree = "<group>";
		};
		37A6F8922A100D5C00C8F41D /* ColorCell */ = {
			isa = PBXGroup;
			children = (
				37A6F8932A100D8700C8F41D /* ColorCell.swift */,
			);
			path = ColorCell;
			sourceTree = "<group>";
		};
		37A6F8952A100DBE00C8F41D /* SupplementaryView */ = {
			isa = PBXGroup;
			children = (
				37A6F8962A100DE000C8F41D /* SupplementaryView.swift */,
			);
			path = SupplementaryView;
			sourceTree = "<group>";
		};
		37A6F8982A100E0000C8F41D /* Models */ = {
			isa = PBXGroup;
			children = (
				37A6F8992A100E0A00C8F41D /* Emojis.swift */,
				37A6F89B2A100E1400C8F41D /* Colors.swift */,
			);
			path = Models;
			sourceTree = "<group>";
		};
		37B202B12A1FDB1700358E87 /* Delegates */ = {
			isa = PBXGroup;
			children = (
				37F59B7229DB082000341B05 /* AppDelegate.swift */,
				37F59B7429DB082000341B05 /* SceneDelegate.swift */,
			);
			path = Delegates;
			sourceTree = "<group>";
		};
		37B202B22A1FE3DA00358E87 /* CollectionViewCells */ = {
			isa = PBXGroup;
			children = (
				37A6F88F2A100D0900C8F41D /* EmojiCell */,
				37A6F8922A100D5C00C8F41D /* ColorCell */,
			);
			path = CollectionViewCells;
			sourceTree = "<group>";
		};
		37B4C77D2A2331BA001BFFF8 /* CategoriesCell */ = {
			isa = PBXGroup;
			children = (
				37B4C77E2A2331DC001BFFF8 /* CategoryCell.swift */,
			);
			path = CategoriesCell;
			sourceTree = "<group>";
		};
		37EC3A9E2A135A4F00681250 /* Models */ = {
			isa = PBXGroup;
			children = (
				37EC3A9F2A135A7100681250 /* Tracker.swift */,
				37EC3AA32A135C6700681250 /* TrackerCategory.swift */,
				37EC3AA52A135E1F00681250 /* TrackerRecord.swift */,
			);
			path = Models;
			sourceTree = "<group>";
		};
		37EC3AA72A135FCB00681250 /* TrackersViewController */ = {
			isa = PBXGroup;
			children = (
				37EDC4822A3F5577009581BD /* TrackerSupplementaryView */,
				37EDC4812A3F555F009581BD /* TrackerCell */,
				37F59B7629DB082000341B05 /* TrackersViewController.swift */,
			);
			path = TrackersViewController;
			sourceTree = "<group>";
		};
		37EC3AA82A135FE500681250 /* StatisticViewController */ = {
			isa = PBXGroup;
			children = (
				37F22BCE29E77EAB00C547BE /* StatisticViewController.swift */,
			);
			path = StatisticViewController;
			sourceTree = "<group>";
		};
		37EC3AA92A1374D300681250 /* TabBarController */ = {
			isa = PBXGroup;
			children = (
				3713FF8829E6E93700287D77 /* Tab Bar Controller.swift */,
				37EC3AA82A135FE500681250 /* StatisticViewController */,
				37EC3AA72A135FCB00681250 /* TrackersViewController */,
			);
			path = TabBarController;
			sourceTree = "<group>";
		};
		37EDC4812A3F555F009581BD /* TrackerCell */ = {
			isa = PBXGroup;
			children = (
				37775A7429E980CA00507D37 /* TrackersViewCell.swift */,
			);
			path = TrackerCell;
			sourceTree = "<group>";
		};
		37EDC4822A3F5577009581BD /* TrackerSupplementaryView */ = {
			isa = PBXGroup;
			children = (
				37EDC4832A3F559B009581BD /* TrackerSupplementaryView.swift */,
			);
			path = TrackerSupplementaryView;
			sourceTree = "<group>";
		};
		37F59B6629DB082000341B05 = {
			isa = PBXGroup;
			children = (
				37F59B7129DB082000341B05 /* Tracker */,
				37F59B7029DB082000341B05 /* Products */,
			);
			sourceTree = "<group>";
		};
		37F59B7029DB082000341B05 /* Products */ = {
			isa = PBXGroup;
			children = (
				37F59B6F29DB082000341B05 /* Tracker.app */,
			);
			name = Products;
			sourceTree = "<group>";
		};
		37F59B7129DB082000341B05 /* Tracker */ = {
			isa = PBXGroup;
			children = (
				37129C6F2A3DF18D003022A6 /* Extensions */,
				37B202B12A1FDB1700358E87 /* Delegates */,
				37EC3A9E2A135A4F00681250 /* Models */,
				37EC3AA92A1374D300681250 /* TabBarController */,
				37775A7829E9CDEA00507D37 /* TrackerCreatorViewController.swift */,
				376C4D6E29ED960000B87CA3 /* NewHabbit */,
				37F59B7829DB082000341B05 /* Main.storyboard */,
				37F59B7E29DB082200341B05 /* Assets.xcassets */,
				37F59B8029DB082200341B05 /* LaunchScreen.storyboard */,
				37F59B8329DB082200341B05 /* Info.plist */,
				37F59B7B29DB082000341B05 /* Tracker.xcdatamodeld */,
			);
			path = Tracker;
			sourceTree = "<group>";
		};
/* End PBXGroup section */

/* Begin PBXNativeTarget section */
		37F59B6E29DB082000341B05 /* Tracker */ = {
			isa = PBXNativeTarget;
			buildConfigurationList = 37F59B8629DB082200341B05 /* Build configuration list for PBXNativeTarget "Tracker" */;
			buildPhases = (
				37F59B6B29DB082000341B05 /* Sources */,
				37F59B6C29DB082000341B05 /* Frameworks */,
				37F59B6D29DB082000341B05 /* Resources */,
			);
			buildRules = (
			);
			dependencies = (
			);
			name = Tracker;
			productName = Tracker;
			productReference = 37F59B6F29DB082000341B05 /* Tracker.app */;
			productType = "com.apple.product-type.application";
		};
/* End PBXNativeTarget section */

/* Begin PBXProject section */
		37F59B6729DB082000341B05 /* Project object */ = {
			isa = PBXProject;
			attributes = {
				BuildIndependentTargetsInParallel = 1;
				LastSwiftUpdateCheck = 1410;
				LastUpgradeCheck = 1410;
				TargetAttributes = {
					37F59B6E29DB082000341B05 = {
						CreatedOnToolsVersion = 14.1;
					};
				};
			};
			buildConfigurationList = 37F59B6A29DB082000341B05 /* Build configuration list for PBXProject "Tracker" */;
			compatibilityVersion = "Xcode 14.0";
			developmentRegion = en;
			hasScannedForEncodings = 0;
			knownRegions = (
				en,
				Base,
			);
			mainGroup = 37F59B6629DB082000341B05;
			productRefGroup = 37F59B7029DB082000341B05 /* Products */;
			projectDirPath = "";
			projectRoot = "";
			targets = (
				37F59B6E29DB082000341B05 /* Tracker */,
			);
		};
/* End PBXProject section */

/* Begin PBXResourcesBuildPhase section */
		37F59B6D29DB082000341B05 /* Resources */ = {
			isa = PBXResourcesBuildPhase;
			buildActionMask = 2147483647;
			files = (
				37F59B8229DB082200341B05 /* LaunchScreen.storyboard in Resources */,
				37F59B7F29DB082200341B05 /* Assets.xcassets in Resources */,
				37F59B7A29DB082000341B05 /* Main.storyboard in Resources */,
			);
			runOnlyForDeploymentPostprocessing = 0;
		};
/* End PBXResourcesBuildPhase section */

/* Begin PBXSourcesBuildPhase section */
		37F59B6B29DB082000341B05 /* Sources */ = {
			isa = PBXSourcesBuildPhase;
			buildActionMask = 2147483647;
			files = (
				37A6F89A2A100E0A00C8F41D /* Emojis.swift in Sources */,
				37A6F8972A100DE000C8F41D /* SupplementaryView.swift in Sources */,
				376C4D7029ED964B00B87CA3 /* NewHabbitCells.swift in Sources */,
				37775A7929E9CDEA00507D37 /* TrackerCreatorViewController.swift in Sources */,
				37EC3AA62A135E1F00681250 /* TrackerRecord.swift in Sources */,
				37A6F8892A100ABD00C8F41D /* CategoriesViewController.swift in Sources */,
				37A6F88B2A100AFF00C8F41D /* ScheduleCell.swift in Sources */,
				37F59B7D29DB082000341B05 /* Tracker.xcdatamodeld in Sources */,
				37F59B7729DB082000341B05 /* TrackersViewController.swift in Sources */,
				37EC3AA22A135BF900681250 /* Weekday.swift in Sources */,
				37F59B7329DB082000341B05 /* AppDelegate.swift in Sources */,
				37B4C77F2A2331DC001BFFF8 /* CategoryCell.swift in Sources */,
				37EC3AA42A135C6700681250 /* TrackerCategory.swift in Sources */,
				37775A7529E980CA00507D37 /* TrackersViewCell.swift in Sources */,
				37F22BCF29E77EAB00C547BE /* StatisticViewController.swift in Sources */,
				37A6F8942A100D8700C8F41D /* ColorCell.swift in Sources */,
				37EC3AA02A135A7100681250 /* Tracker.swift in Sources */,
				37A6F89C2A100E1400C8F41D /* Colors.swift in Sources */,
				37F59B7529DB082000341B05 /* SceneDelegate.swift in Sources */,
				3713FF8929E6E93700287D77 /* Tab Bar Controller.swift in Sources */,
				37EDC4842A3F559B009581BD /* TrackerSupplementaryView.swift in Sources */,
				37129C712A3DF1A3003022A6 /* TextField.swift in Sources */,
				37A6F88E2A100B4F00C8F41D /* NewCategoryViewController.swift in Sources */,
				37A6F8912A100D2200C8F41D /* EmojiCell.swift in Sources */,
				37A6F8872A100AAD00C8F41D /* ScheduleViewController.swift in Sources */,
				37775A7B29E9F1F800507D37 /* NewHabbitViewController.swift in Sources */,
			);
			runOnlyForDeploymentPostprocessing = 0;
		};
/* End PBXSourcesBuildPhase section */

/* Begin PBXVariantGroup section */
		37F59B7829DB082000341B05 /* Main.storyboard */ = {
			isa = PBXVariantGroup;
			children = (
				37F59B7929DB082000341B05 /* Base */,
			);
			name = Main.storyboard;
			sourceTree = "<group>";
		};
		37F59B8029DB082200341B05 /* LaunchScreen.storyboard */ = {
			isa = PBXVariantGroup;
			children = (
				37F59B8129DB082200341B05 /* Base */,
			);
			name = LaunchScreen.storyboard;
			sourceTree = "<group>";
		};
/* End PBXVariantGroup section */

/* Begin XCBuildConfiguration section */
		37F59B8429DB082200341B05 /* Debug */ = {
			isa = XCBuildConfiguration;
			buildSettings = {
				ALWAYS_SEARCH_USER_PATHS = NO;
				CLANG_ANALYZER_NONNULL = YES;
				CLANG_ANALYZER_NUMBER_OBJECT_CONVERSION = YES_AGGRESSIVE;
				CLANG_CXX_LANGUAGE_STANDARD = "gnu++20";
				CLANG_ENABLE_MODULES = YES;
				CLANG_ENABLE_OBJC_ARC = YES;
				CLANG_ENABLE_OBJC_WEAK = YES;
				CLANG_WARN_BLOCK_CAPTURE_AUTORELEASING = YES;
				CLANG_WARN_BOOL_CONVERSION = YES;
				CLANG_WARN_COMMA = YES;
				CLANG_WARN_CONSTANT_CONVERSION = YES;
				CLANG_WARN_DEPRECATED_OBJC_IMPLEMENTATIONS = YES;
				CLANG_WARN_DIRECT_OBJC_ISA_USAGE = YES_ERROR;
				CLANG_WARN_DOCUMENTATION_COMMENTS = YES;
				CLANG_WARN_EMPTY_BODY = YES;
				CLANG_WARN_ENUM_CONVERSION = YES;
				CLANG_WARN_INFINITE_RECURSION = YES;
				CLANG_WARN_INT_CONVERSION = YES;
				CLANG_WARN_NON_LITERAL_NULL_CONVERSION = YES;
				CLANG_WARN_OBJC_IMPLICIT_RETAIN_SELF = YES;
				CLANG_WARN_OBJC_LITERAL_CONVERSION = YES;
				CLANG_WARN_OBJC_ROOT_CLASS = YES_ERROR;
				CLANG_WARN_QUOTED_INCLUDE_IN_FRAMEWORK_HEADER = YES;
				CLANG_WARN_RANGE_LOOP_ANALYSIS = YES;
				CLANG_WARN_STRICT_PROTOTYPES = YES;
				CLANG_WARN_SUSPICIOUS_MOVE = YES;
				CLANG_WARN_UNGUARDED_AVAILABILITY = YES_AGGRESSIVE;
				CLANG_WARN_UNREACHABLE_CODE = YES;
				CLANG_WARN__DUPLICATE_METHOD_MATCH = YES;
				COPY_PHASE_STRIP = NO;
				DEBUG_INFORMATION_FORMAT = dwarf;
				ENABLE_STRICT_OBJC_MSGSEND = YES;
				ENABLE_TESTABILITY = YES;
				GCC_C_LANGUAGE_STANDARD = gnu11;
				GCC_DYNAMIC_NO_PIC = NO;
				GCC_NO_COMMON_BLOCKS = YES;
				GCC_OPTIMIZATION_LEVEL = 0;
				GCC_PREPROCESSOR_DEFINITIONS = (
					"DEBUG=1",
					"$(inherited)",
				);
				GCC_WARN_64_TO_32_BIT_CONVERSION = YES;
				GCC_WARN_ABOUT_RETURN_TYPE = YES_ERROR;
				GCC_WARN_UNDECLARED_SELECTOR = YES;
				GCC_WARN_UNINITIALIZED_AUTOS = YES_AGGRESSIVE;
				GCC_WARN_UNUSED_FUNCTION = YES;
				GCC_WARN_UNUSED_VARIABLE = YES;
				IPHONEOS_DEPLOYMENT_TARGET = 16.1;
				MTL_ENABLE_DEBUG_INFO = INCLUDE_SOURCE;
				MTL_FAST_MATH = YES;
				ONLY_ACTIVE_ARCH = YES;
				SDKROOT = iphoneos;
				SWIFT_ACTIVE_COMPILATION_CONDITIONS = DEBUG;
				SWIFT_OPTIMIZATION_LEVEL = "-Onone";
			};
			name = Debug;
		};
		37F59B8529DB082200341B05 /* Release */ = {
			isa = XCBuildConfiguration;
			buildSettings = {
				ALWAYS_SEARCH_USER_PATHS = NO;
				CLANG_ANALYZER_NONNULL = YES;
				CLANG_ANALYZER_NUMBER_OBJECT_CONVERSION = YES_AGGRESSIVE;
				CLANG_CXX_LANGUAGE_STANDARD = "gnu++20";
				CLANG_ENABLE_MODULES = YES;
				CLANG_ENABLE_OBJC_ARC = YES;
				CLANG_ENABLE_OBJC_WEAK = YES;
				CLANG_WARN_BLOCK_CAPTURE_AUTORELEASING = YES;
				CLANG_WARN_BOOL_CONVERSION = YES;
				CLANG_WARN_COMMA = YES;
				CLANG_WARN_CONSTANT_CONVERSION = YES;
				CLANG_WARN_DEPRECATED_OBJC_IMPLEMENTATIONS = YES;
				CLANG_WARN_DIRECT_OBJC_ISA_USAGE = YES_ERROR;
				CLANG_WARN_DOCUMENTATION_COMMENTS = YES;
				CLANG_WARN_EMPTY_BODY = YES;
				CLANG_WARN_ENUM_CONVERSION = YES;
				CLANG_WARN_INFINITE_RECURSION = YES;
				CLANG_WARN_INT_CONVERSION = YES;
				CLANG_WARN_NON_LITERAL_NULL_CONVERSION = YES;
				CLANG_WARN_OBJC_IMPLICIT_RETAIN_SELF = YES;
				CLANG_WARN_OBJC_LITERAL_CONVERSION = YES;
				CLANG_WARN_OBJC_ROOT_CLASS = YES_ERROR;
				CLANG_WARN_QUOTED_INCLUDE_IN_FRAMEWORK_HEADER = YES;
				CLANG_WARN_RANGE_LOOP_ANALYSIS = YES;
				CLANG_WARN_STRICT_PROTOTYPES = YES;
				CLANG_WARN_SUSPICIOUS_MOVE = YES;
				CLANG_WARN_UNGUARDED_AVAILABILITY = YES_AGGRESSIVE;
				CLANG_WARN_UNREACHABLE_CODE = YES;
				CLANG_WARN__DUPLICATE_METHOD_MATCH = YES;
				COPY_PHASE_STRIP = NO;
				DEBUG_INFORMATION_FORMAT = "dwarf-with-dsym";
				ENABLE_NS_ASSERTIONS = NO;
				ENABLE_STRICT_OBJC_MSGSEND = YES;
				GCC_C_LANGUAGE_STANDARD = gnu11;
				GCC_NO_COMMON_BLOCKS = YES;
				GCC_WARN_64_TO_32_BIT_CONVERSION = YES;
				GCC_WARN_ABOUT_RETURN_TYPE = YES_ERROR;
				GCC_WARN_UNDECLARED_SELECTOR = YES;
				GCC_WARN_UNINITIALIZED_AUTOS = YES_AGGRESSIVE;
				GCC_WARN_UNUSED_FUNCTION = YES;
				GCC_WARN_UNUSED_VARIABLE = YES;
				IPHONEOS_DEPLOYMENT_TARGET = 16.1;
				MTL_ENABLE_DEBUG_INFO = NO;
				MTL_FAST_MATH = YES;
				SDKROOT = iphoneos;
				SWIFT_COMPILATION_MODE = wholemodule;
				SWIFT_OPTIMIZATION_LEVEL = "-O";
				VALIDATE_PRODUCT = YES;
			};
			name = Release;
		};
		37F59B8729DB082200341B05 /* Debug */ = {
			isa = XCBuildConfiguration;
			buildSettings = {
				ASSETCATALOG_COMPILER_APPICON_NAME = AppIcon;
				ASSETCATALOG_COMPILER_GLOBAL_ACCENT_COLOR_NAME = AccentColor;
				CODE_SIGN_STYLE = Automatic;
				CURRENT_PROJECT_VERSION = 1;
				GENERATE_INFOPLIST_FILE = YES;
				INFOPLIST_FILE = Tracker/Info.plist;
				INFOPLIST_KEY_UIApplicationSupportsIndirectInputEvents = YES;
				INFOPLIST_KEY_UILaunchStoryboardName = LaunchScreen;
				INFOPLIST_KEY_UIMainStoryboardFile = Main;
				INFOPLIST_KEY_UISupportedInterfaceOrientations = UIInterfaceOrientationPortrait;
				LD_RUNPATH_SEARCH_PATHS = (
					"$(inherited)",
					"@executable_path/Frameworks",
				);
				MARKETING_VERSION = 1.0;
				PRODUCT_BUNDLE_IDENTIFIER = ru.practicum.PhotoFlow.Tracker;
				PRODUCT_NAME = "$(TARGET_NAME)";
				SWIFT_EMIT_LOC_STRINGS = YES;
				SWIFT_VERSION = 5.0;
				TARGETED_DEVICE_FAMILY = "1,2";
			};
			name = Debug;
		};
		37F59B8829DB082200341B05 /* Release */ = {
			isa = XCBuildConfiguration;
			buildSettings = {
				ASSETCATALOG_COMPILER_APPICON_NAME = AppIcon;
				ASSETCATALOG_COMPILER_GLOBAL_ACCENT_COLOR_NAME = AccentColor;
				CODE_SIGN_STYLE = Automatic;
				CURRENT_PROJECT_VERSION = 1;
				GENERATE_INFOPLIST_FILE = YES;
				INFOPLIST_FILE = Tracker/Info.plist;
				INFOPLIST_KEY_UIApplicationSupportsIndirectInputEvents = YES;
				INFOPLIST_KEY_UILaunchStoryboardName = LaunchScreen;
				INFOPLIST_KEY_UIMainStoryboardFile = Main;
				INFOPLIST_KEY_UISupportedInterfaceOrientations = UIInterfaceOrientationPortrait;
				LD_RUNPATH_SEARCH_PATHS = (
					"$(inherited)",
					"@executable_path/Frameworks",
				);
				MARKETING_VERSION = 1.0;
				PRODUCT_BUNDLE_IDENTIFIER = ru.practicum.PhotoFlow.Tracker;
				PRODUCT_NAME = "$(TARGET_NAME)";
				SWIFT_EMIT_LOC_STRINGS = YES;
				SWIFT_VERSION = 5.0;
				TARGETED_DEVICE_FAMILY = "1,2";
			};
			name = Release;
		};
/* End XCBuildConfiguration section */

/* Begin XCConfigurationList section */
		37F59B6A29DB082000341B05 /* Build configuration list for PBXProject "Tracker" */ = {
			isa = XCConfigurationList;
			buildConfigurations = (
				37F59B8429DB082200341B05 /* Debug */,
				37F59B8529DB082200341B05 /* Release */,
			);
			defaultConfigurationIsVisible = 0;
			defaultConfigurationName = Release;
		};
		37F59B8629DB082200341B05 /* Build configuration list for PBXNativeTarget "Tracker" */ = {
			isa = XCConfigurationList;
			buildConfigurations = (
				37F59B8729DB082200341B05 /* Debug */,
				37F59B8829DB082200341B05 /* Release */,
			);
			defaultConfigurationIsVisible = 0;
			defaultConfigurationName = Release;
		};
/* End XCConfigurationList section */

/* Begin XCVersionGroup section */
		37F59B7B29DB082000341B05 /* Tracker.xcdatamodeld */ = {
			isa = XCVersionGroup;
			children = (
				37F59B7C29DB082000341B05 /* Tracker.xcdatamodel */,
			);
			currentVersion = 37F59B7C29DB082000341B05 /* Tracker.xcdatamodel */;
			path = Tracker.xcdatamodeld;
			sourceTree = "<group>";
			versionGroupType = wrapper.xcdatamodel;
		};
/* End XCVersionGroup section */
	};
	rootObject = 37F59B6729DB082000341B05 /* Project object */;
}
